PODS:
  - SDWebImage (5.0.4):
    - SDWebImage/Core (= 5.0.4)
  - SDWebImage/Core (5.0.4)

DEPENDENCIES:
  - SDWebImage (~> 5.0.2)

SPEC REPOS:
  https://github.com/cocoapods/specs.git:
    - SDWebImage

SPEC CHECKSUMS:
  SDWebImage: c739016e4bdf0a4a1f9a04b5e0385395ad63a282

PODFILE CHECKSUM: 6b9b0a972fd35196b8b084dd1dbffb2859bb1b44

COCOAPODS: 1.7.1
